{
  "name": "cover_design",
  "version": "1.0.0",
  "lockfileVersion": 3,
  "requires": true,
  "packages": {
    "": {
      "name": "cover_design",
      "version": "1.0.0",
      "license": "ISC",
      "dependencies": {
        "@fontsource/bodoni-moda": "^5.3.0",
        "@fontsource/do-hyeon": "^5.3.0",
        "@fontsource/gothic-a1": "^5.3.0",
        "@fontsource/ibm-plex-mono": "^5.3.0",
        "@fontsource/noto-serif-kr": "^5.3.0",
        "@fontsource/oswald": "^5.3.0",
        "@fontsource/outfit": "^5.3.0"
      }
    },
    "node_modules/@fontsource/bodoni-moda": {
      "version": "5.3.0",
      "resolved": "https://registry.npmjs.org/@fontsource/bodoni-moda/-/bodoni-moda-5.3.0.tgz",
      "integrity": "sha512-Wt2XBCHivYxkTP3ydq/Ax+7VshwsOh/6ayA5om2t+yClCkGwLPj2Mi6OnyMANjyLcqDUWs4rlOHnc8SBLf6/pA==",
      "license": "OFL-1.1",
      "funding": {
        "url": "https://github.com/sponsors/ayuhito"
      }
    },
    "node_modules/@fontsource/do-hyeon": {
      "version": "5.3.0",
      "resolved": "https://registry.npmjs.org/@fontsource/do-hyeon/-/do-hyeon-5.3.0.tgz",
      "integrity": "sha512-j3h+Y2OIhTW8Bj+WwZ6g2vFG+2vy2kBN3G93N8FEx1vE1EZkg0+wZvjSjvrPsGt70TLUcr8fflIyRJgqDnEryg==",
      "license": "OFL-1.1",
      "funding": {
        "url": "https://github.com/sponsors/ayuhito"
      }
    },
    "node_modules/@fontsource/gothic-a1": {
      "version": "5.3.0",
      "resolved": "https://registry.npmjs.org/@fontsource/gothic-a1/-/gothic-a1-5.3.0.tgz",
      "integrity": "sha512-0HmmE3YQgdcXkVZd/pRTw7MOc9PffY7tNrR/dovEGO00cno/4ImiHxEXdJoq80Bs2jC52wuvuFRcepJ38mksEw==",
      "license": "OFL-1.1",
      "funding": {
        "url": "https://github.com/sponsors/ayuhito"
      }
    },
    "node_modules/@fontsource/ibm-plex-mono": {
      "version": "5.3.0",
      "resolved": "https://registry.npmjs.org/@fontsource/ibm-plex-mono/-/ibm-plex-mono-5.3.0.tgz",
      "integrity": "sha512-eTgnZjZEGk1QtD3ZstF+Vclo2HLAni8YMy34/DxllwZvyz1lR/1RF/xTiAquOBO7MvqBx8D2Ig2WCPMVfdZu7Q==",
      "license": "OFL-1.1",
      "funding": {
        "url": "https://github.com/sponsors/ayuhito"
      }
    },
    "node_modules/@fontsource/noto-serif-kr": {
      "version": "5.3.0",
      "resolved": "https://registry.npmjs.org/@fontsource/noto-serif-kr/-/noto-serif-kr-5.3.0.tgz",
      "integrity": "sha512-PMVJPol7ZsWntq4p1blZnhzl1hJruzzQZbWOZJPnJriw+nEUPYyG+pkWCCHfbziZ6OolSxl1o05Z0gy4iMGmPA==",
      "license": "OFL-1.1",
      "funding": {
        "url": "https://github.com/sponsors/ayuhito"
      }
    },
    "node_modules/@fontsource/oswald": {
      "version": "5.3.0",
      "resolved": "https://registry.npmjs.org/@fontsource/oswald/-/oswald-5.3.0.tgz",
      "integrity": "sha512-16r2aHActe0pH+9FLdk/74/YxXM7HpGak05kAzx3RvSToiJwGvyhv6GvckPz+YuZmvL1nxWbEop2jAXRcXYPRg==",
      "license": "OFL-1.1",
      "funding": {
        "url": "https://github.com/sponsors/ayuhito"
      }
    },
    "node_modules/@fontsource/outfit": {
      "version": "5.3.0",
      "resolved": "https://registry.npmjs.org/@fontsource/outfit/-/outfit-5.3.0.tgz",
      "integrity": "sha512-0AVHzTTVJSxWDOxPKSfMeHhZeBFDU3cmgrcOb76ZEyhGo0+xgyG3GsLF3h9+X8w0IX7G4jzjJgFQEBiWdX6VgA==",
      "license": "OFL-1.1",
      "funding": {
        "url": "https://github.com/sponsors/ayuhito"
      }
    }
  }
}
